# THIS IS AN AUTOGENERATED FILE. DO NOT EDIT THIS FILE DIRECTLY.
# yarn lockfile v1


bootstrap@3.4.1:
  version "3.4.1"
  resolved "https://registry.yarnpkg.com/bootstrap/-/bootstrap-3.4.1.tgz#c3a347d419e289ad11f4033e3c4132b87c081d72"
  integrity sha512-yN5oZVmRCwe5aKwzRj6736nSmKDX7pLYwsXiCj/EYmo16hODaBiT4En5btW/jhBF/seV+XMx3aYwukYC3A49DA==

jquery@>=1.2.6, jquery@^3.5.0:
  version "3.5.0"
  resolved "https://registry.yarnpkg.com/jquery/-/jquery-3.5.0.tgz#9980b97d9e4194611c36530e7dc46a58d7340fc9"
  integrity sha512-Xb7SVYMvygPxbFMpTFQiHh1J7HClEaThguL15N/Gg37Lri/qKyhRGZYzHRyLH8Stq3Aow0LsHO2O2ci86fCrNQ==

tablesorter@^2.31.2:
  version "2.31.2"
  resolved "https://registry.yarnpkg.com/tablesorter/-/tablesorter-2.31.2.tgz#3a37759c2b269688138b46f88454d61d1895b275"
  integrity sha512-e4ubgJpHNXHWm8tR+eGt2BPAqoOCY+uOQ6PVDCgtklCtJO6VHmORmjZdtm9aYqSqWsUih72wB0nS95JiXZ2l2g==
  dependencies:
    jquery ">=1.2.6"
